
Microsoft Visual Studio Solution File, Format Version 12.00
# Visual Studio Version 17
VisualStudioVersion = 17.7.34018.315
MinimumVisualStudioVersion = 10.0.40219.1
Project("{FAE04EC0-301F-11D3-BF4B-00C04F79EFBC}") = "loveFromWiki", "loveFromWiki\loveFromWiki.csproj", "{8527A2E6-E48F-4627-B4E7-FE3A0D71E75E}"
EndProject
Project("{FAE04EC0-301F-11D3-BF4B-00C04F79EFBC}") = "IceBox", "IceBox\IceBox.csproj", "{8BB2D7A3-3569-4625-82DD-5E97B96FB468}"
EndProject
Global
	GlobalSection(SolutionConfigurationPlatforms) = preSolution
		Debug|Any CPU = Debug|Any CPU
		Release|Any CPU = Release|Any CPU
	EndGlobalSection
	GlobalSection(ProjectConfigurationPlatforms) = postSolution
		{8527A2E6-E48F-4627-B4E7-FE3A0D71E75E}.Debug|Any CPU.ActiveCfg = Debug|Any CPU
		{8527A2E6-E48F-4627-B4E7-FE3A0D71E75E}.Debug|Any CPU.Build.0 = Debug|Any CPU
		{8527A2E6-E48F-4627-B4E7-FE3A0D71E75E}.Release|Any CPU.ActiveCfg = Release|Any CPU
		{8527A2E6-E48F-4627-B4E7-FE3A0D71E75E}.Release|Any CPU.Build.0 = Release|Any CPU
		{8BB2D7A3-3569-4625-82DD-5E97B96FB468}.Debug|Any CPU.ActiveCfg = Debug|Any CPU
		{8BB2D7A3-3569-4625-82DD-5E97B96FB468}.Debug|Any CPU.Build.0 = Debug|Any CPU
		{8BB2D7A3-3569-4625-82DD-5E97B96FB468}.Release|Any CPU.ActiveCfg = Release|Any CPU
		{8BB2D7A3-3569-4625-82DD-5E97B96FB468}.Release|Any CPU.Build.0 = Release|Any CPU
	EndGlobalSection
	GlobalSection(SolutionProperties) = preSolution
		HideSolutionNode = FALSE
	EndGlobalSection
	GlobalSection(ExtensibilityGlobals) = postSolution
		SolutionGuid = {FEA5CD25-8668-447F-A264-96554B51D16D}
	EndGlobalSection
EndGlobal
